
Microsoft Visual Studio Solution File, Format Version 12.00
# Visual Studio Version 16
VisualStudioVersion = 16.0.30804.86
MinimumVisualStudioVersion = 10.0.40219.1
Project("{FAE04EC0-301F-11D3-BF4B-00C04F79EFBC}") = "Back-end", "Back-end\Back-end.csproj", "{78441617-C29A-4889-A432-F4331E2FEC2E}"
EndProject
Global
	GlobalSection(SolutionConfigurationPlatforms) = preSolution
		Debug|Any CPU = Debug|Any CPU
		Release|Any CPU = Release|Any CPU
	EndGlobalSection
	GlobalSection(ProjectConfigurationPlatforms) = postSolution
		{78441617-C29A-4889-A432-F4331E2FEC2E}.Debug|Any CPU.ActiveCfg = Debug|Any CPU
		{78441617-C29A-4889-A432-F4331E2FEC2E}.Debug|Any CPU.Build.0 = Debug|Any CPU
		{78441617-C29A-4889-A432-F4331E2FEC2E}.Release|Any CPU.ActiveCfg = Release|Any CPU
		{78441617-C29A-4889-A432-F4331E2FEC2E}.Release|Any CPU.Build.0 = Release|Any CPU
	EndGlobalSection
	GlobalSection(SolutionProperties) = preSolution
		HideSolutionNode = FALSE
	EndGlobalSection
	GlobalSection(ExtensibilityGlobals) = postSolution
		SolutionGuid = {DCAE7A97-0C0A-4DC1-A1DE-B734DEDFA33B}
	EndGlobalSection
EndGlobal
